
Microsoft Visual Studio Solution File, Format Version 12.00
# Visual Studio 15
VisualStudioVersion = 15.0.28307.271
MinimumVisualStudioVersion = 10.0.40219.1
Project("{FAE04EC0-301F-11D3-BF4B-00C04F79EFBC}") = "BankingSpring19", "BankingSpring19\BankingSpring19.csproj", "{1D52BF9B-8CBC-4C0F-BC62-49C9D6166E78}"
EndProject
Project("{FAE04EC0-301F-11D3-BF4B-00C04F79EFBC}") = "BankingSpring19.Tests", "BankingSpring19.Tests\BankingSpring19.Tests.csproj", "{5C9DF996-342A-4B32-A536-77432FE67866}"
EndProject
Global
	GlobalSection(SolutionConfigurationPlatforms) = preSolution
		Debug|Any CPU = Debug|Any CPU
		Release|Any CPU = Release|Any CPU
	EndGlobalSection
	GlobalSection(ProjectConfigurationPlatforms) = postSolution
		{1D52BF9B-8CBC-4C0F-BC62-49C9D6166E78}.Debug|Any CPU.ActiveCfg = Debug|Any CPU
		{1D52BF9B-8CBC-4C0F-BC62-49C9D6166E78}.Debug|Any CPU.Build.0 = Debug|Any CPU
		{1D52BF9B-8CBC-4C0F-BC62-49C9D6166E78}.Release|Any CPU.ActiveCfg = Release|Any CPU
		{1D52BF9B-8CBC-4C0F-BC62-49C9D6166E78}.Release|Any CPU.Build.0 = Release|Any CPU
		{5C9DF996-342A-4B32-A536-77432FE67866}.Debug|Any CPU.ActiveCfg = Debug|Any CPU
		{5C9DF996-342A-4B32-A536-77432FE67866}.Debug|Any CPU.Build.0 = Debug|Any CPU
		{5C9DF996-342A-4B32-A536-77432FE67866}.Release|Any CPU.ActiveCfg = Release|Any CPU
		{5C9DF996-342A-4B32-A536-77432FE67866}.Release|Any CPU.Build.0 = Release|Any CPU
	EndGlobalSection
	GlobalSection(SolutionProperties) = preSolution
		HideSolutionNode = FALSE
	EndGlobalSection
	GlobalSection(ExtensibilityGlobals) = postSolution
		SolutionGuid = {E94F4034-A64B-4834-955F-F1CFF7FC29FE}
	EndGlobalSection
EndGlobal
